
Microsoft Visual Studio Solution File, Format Version 12.00
# Visual Studio Version 17
VisualStudioVersion = 17.10.35027.167
MinimumVisualStudioVersion = 10.0.40219.1
Project("{FAE04EC0-301F-11D3-BF4B-00C04F79EFBC}") = "YoutubeAPI", "YoutubeAPI\YoutubeAPI.csproj", "{12148A6C-C879-4F68-8D33-2A67C5F1279E}"
EndProject
Global
	GlobalSection(SolutionConfigurationPlatforms) = preSolution
		Debug|Any CPU = Debug|Any CPU
		Release|Any CPU = Release|Any CPU
	EndGlobalSection
	GlobalSection(ProjectConfigurationPlatforms) = postSolution
		{12148A6C-C879-4F68-8D33-2A67C5F1279E}.Debug|Any CPU.ActiveCfg = Debug|Any CPU
		{12148A6C-C879-4F68-8D33-2A67C5F1279E}.Debug|Any CPU.Build.0 = Debug|Any CPU
		{12148A6C-C879-4F68-8D33-2A67C5F1279E}.Release|Any CPU.ActiveCfg = Release|Any CPU
		{12148A6C-C879-4F68-8D33-2A67C5F1279E}.Release|Any CPU.Build.0 = Release|Any CPU
	EndGlobalSection
	GlobalSection(SolutionProperties) = preSolution
		HideSolutionNode = FALSE
	EndGlobalSection
	GlobalSection(ExtensibilityGlobals) = postSolution
		SolutionGuid = {D6F23E88-98E9-4F71-8676-8E5D0100926A}
	EndGlobalSection
EndGlobal
